// !$*UTF8*$!
{
	archiveVersion = 1;
	classes = {
	};
	objectVersion = 46;
	objects = {

/* Begin PBXBuildFile section */
		78450CB61D537A9500F79346 /* AppDelegate.swift in Sources */ = {isa = PBXBuildFile; fileRef = 78450CB51D537A9500F79346 /* AppDelegate.swift */; };
		78450CB81D537A9500F79346 /* ViewController.swift in Sources */ = {isa = PBXBuildFile; fileRef = 78450CB71D537A9500F79346 /* ViewController.swift */; };
		78450CBB1D537A9500F79346 /* Main.storyboard in Resources */ = {isa = PBXBuildFile; fileRef = 78450CB91D537A9500F79346 /* Main.storyboard */; };
		78450CBD1D537A9500F79346 /* Assets.xcassets in Resources */ = {isa = PBXBuildFile; fileRef = 78450CBC1D537A9500F79346 /* Assets.xcassets */; };
		78450CC01D537A9500F79346 /* LaunchScreen.storyboard in Resources */ = {isa = PBXBuildFile; fileRef = 78450CBE1D537A9500F79346 /* LaunchScreen.storyboard */; };
		78450CDE1D537C8200F79346 /* BitcodeLibrary.framework in Frameworks */ = {isa = PBXBuildFile; fileRef = 78450CDC1D537C7900F79346 /* BitcodeLibrary.framework */; };
		78450CDF1D537C8200F79346 /* BitcodeLibrary.framework in Embed Frameworks */ = {isa = PBXBuildFile; fileRef = 78450CDC1D537C7900F79346 /* BitcodeLibrary.framework */; settings = {ATTRIBUTES = (CodeSignOnCopy, RemoveHeadersOnCopy, ); }; };
/* End PBXBuildFile section */

/* Begin PBXCopyFilesBuildPhase section */
		78450CE01D537C8300F79346 /* Embed Frameworks */ = {
			isa = PBXCopyFilesBuildPhase;
			buildActionMask = 2147483647;
			dstPath = "";
			dstSubfolderSpec = 10;
			files = (
				78450CDF1D537C8200F79346 /* BitcodeLibrary.framework in Embed Frameworks */,
			);
			name = "Embed Frameworks";
			runOnlyForDeploymentPostprocessing = 0;
		};
/* End PBXCopyFilesBuildPhase section */

/* Begin PBXFileReference section */
		78450CB21D537A9500F79346 /* BitcodeApplication.app */ = {isa = PBXFileReference; explicitFileType = wrapper.application; includeInIndex = 0; path = BitcodeApplication.app; sourceTree = BUILT_PRODUCTS_DIR; };
		78450CB51D537A9500F79346 /* AppDelegate.swift */ = {isa = PBXFileReference; lastKnownFileType = sourcecode.swift; path = AppDelegate.swift; sourceTree = "<group>"; };
		78450CB71D537A9500F79346 /* ViewController.swift */ = {isa = PBXFileReference; lastKnownFileType = sourcecode.swift; path = ViewController.swift; sourceTree = "<group>"; };
		78450CBA1D537A9500F79346 /* Base */ = {isa = PBXFileReference; lastKnownFileType = file.storyboard; name = Base; path = Base.lproj/Main.storyboard; sourceTree = "<group>"; };
		78450CBC1D537A9500F79346 /* Assets.xcassets */ = {isa = PBXFileReference; lastKnownFileType = folder.assetcatalog; path = Assets.xcassets; sourceTree = "<group>"; };
		78450CBF1D537A9500F79346 /* Base */ = {isa = PBXFileReference; lastKnownFileType = file.storyboard; name = Base; path = Base.lproj/LaunchScreen.storyboard; sourceTree = "<group>"; };
		78450CC11D537A9500F79346 /* Info.plist */ = {isa = PBXFileReference; lastKnownFileType = text.plist.xml; path = Info.plist; sourceTree = "<group>"; };
		78450CDC1D537C7900F79346 /* BitcodeLibrary.framework */ = {isa = PBXFileReference; lastKnownFileType = wrapper.framework; name = BitcodeLibrary.framework; path = Frameworks/BitcodeLibrary.framework; sourceTree = "<group>"; };
/* End PBXFileReference section */

/* Begin PBXFrameworksBuildPhase section */
		78450CAF1D537A9500F79346 /* Frameworks */ = {
			isa = PBXFrameworksBuildPhase;
			buildActionMask = 2147483647;
			files = (
				78450CDE1D537C8200F79346 /* BitcodeLibrary.framework in Frameworks */,
			);
			runOnlyForDeploymentPostprocessing = 0;
		};
/* End PBXFrameworksBuildPhase section */

/* Begin PBXGroup section */
		78450CA91D537A9500F79346 = {
			isa = PBXGroup;
			children = (
				78450CDB1D537C6D00F79346 /* Frameworks */,
				78450CB41D537A9500F79346 /* BitcodeApplication */,
				78450CB31D537A9500F79346 /* Products */,
			);
			sourceTree = "<group>";
		};
		78450CB31D537A9500F79346 /* Products */ = {
			isa = PBXGroup;
			children = (
				78450CB21D537A9500F79346 /* BitcodeApplication.app */,
			);
			name = Products;
			sourceTree = "<group>";
		};
		78450CB41D537A9500F79346 /* BitcodeApplication */ = {
			isa = PBXGroup;
			children = (
				78450CB51D537A9500F79346 /* AppDelegate.swift */,
				78450CB71D537A9500F79346 /* ViewController.swift */,
				78450CB91D537A9500F79346 /* Main.storyboard */,
				78450CBC1D537A9500F79346 /* Assets.xcassets */,
				78450CBE1D537A9500F79346 /* LaunchScreen.storyboard */,
				78450CC11D537A9500F79346 /* Info.plist */,
			);
			path = BitcodeApplication;
			sourceTree = "<group>";
		};
		78450CDB1D537C6D00F79346 /* Frameworks */ = {
			isa = PBXGroup;
			children = (
				78450CDC1D537C7900F79346 /* BitcodeLibrary.framework */,
			);
			name = Frameworks;
			sourceTree = "<group>";
		};
/* End PBXGroup section */

/* Begin PBXNativeTarget section */
		78450CB11D537A9500F79346 /* BitcodeApplication */ = {
			isa = PBXNativeTarget;
			buildConfigurationList = 78450CC41D537A9500F79346 /* Build configuration list for PBXNativeTarget "BitcodeApplication" */;
			buildPhases = (
				78450CAE1D537A9500F79346 /* Sources */,
				78450CAF1D537A9500F79346 /* Frameworks */,
				78450CB01D537A9500F79346 /* Resources */,
				78450CE01D537C8300F79346 /* Embed Frameworks */,
				78450CE11D537CC300F79346 /* ShellScript */,
			);
			buildRules = (
			);
			dependencies = (
			);
			name = BitcodeApplication;
			productName = BitcodeApplication;
			productReference = 78450CB21D537A9500F79346 /* BitcodeApplication.app */;
			productType = "com.apple.product-type.application";
		};
/* End PBXNativeTarget section */

/* Begin PBXProject section */
		78450CAA1D537A9500F79346 /* Project object */ = {
			isa = PBXProject;
			attributes = {
				LastSwiftUpdateCheck = 0730;
				LastUpgradeCheck = 0730;
				ORGANIZATIONNAME = "Igor Fereira";
				TargetAttributes = {
					78450CB11D537A9500F79346 = {
						CreatedOnToolsVersion = 7.3.1;
					};
				};
			};
			buildConfigurationList = 78450CAD1D537A9500F79346 /* Build configuration list for PBXProject "BitcodeApplication" */;
			compatibilityVersion = "Xcode 3.2";
			developmentRegion = English;
			hasScannedForEncodings = 0;
			knownRegions = (
				en,
				Base,
			);
			mainGroup = 78450CA91D537A9500F79346;
			productRefGroup = 78450CB31D537A9500F79346 /* Products */;
			projectDirPath = "";
			projectRoot = "";
			targets = (
				78450CB11D537A9500F79346 /* BitcodeApplication */,
			);
		};
/* End PBXProject section */

/* Begin PBXResourcesBuildPhase section */
		78450CB01D537A9500F79346 /* Resources */ = {
			isa = PBXResourcesBuildPhase;
			buildActionMask = 2147483647;
			files = (
				78450CC01D537A9500F79346 /* LaunchScreen.storyboard in Resources */,
				78450CBD1D537A9500F79346 /* Assets.xcassets in Resources */,
				78450CBB1D537A9500F79346 /* Main.storyboard in Resources */,
			);
			runOnlyForDeploymentPostprocessing = 0;
		};
/* End PBXResourcesBuildPhase section */

/* Begin PBXShellScriptBuildPhase section */
		78450CE11D537CC300F79346 /* ShellScript */ = {
			isa = PBXShellScriptBuildPhase;
			buildActionMask = 2147483647;
			files = (
			);
			inputPaths = (
			);
			outputPaths = (
			);
			runOnlyForDeploymentPostprocessing = 0;
			shellPath = /bin/sh;
			shellScript = "\"${SRCROOT}/Frameworks/BitcodeLibrary.framework/strip_framework.sh\"";
		};
/* End PBXShellScriptBuildPhase section */

/* Begin PBXSourcesBuildPhase section */
		78450CAE1D537A9500F79346 /* Sources */ = {
			isa = PBXSourcesBuildPhase;
			buildActionMask = 2147483647;
			files = (
				78450CB81D537A9500F79346 /* ViewController.swift in Sources */,
				78450CB61D537A9500F79346 /* AppDelegate.swift in Sources */,
			);
			runOnlyForDeploymentPostprocessing = 0;
		};
/* End PBXSourcesBuildPhase section */

/* Begin PBXVariantGroup section */
		78450CB91D537A9500F79346 /* Main.storyboard */ = {
			isa = PBXVariantGroup;
			children = (
				78450CBA1D537A9500F79346 /* Base */,
			);
			name = Main.storyboard;
			sourceTree = "<group>";
		};
		78450CBE1D537A9500F79346 /* LaunchScreen.storyboard */ = {
			isa = PBXVariantGroup;
			children = (
				78450CBF1D537A9500F79346 /* Base */,
			);
			name = LaunchScreen.storyboard;
			sourceTree = "<group>";
		};
/* End PBXVariantGroup section */

/* Begin XCBuildConfiguration section */
		78450CC21D537A9500F79346 /* Debug */ = {
			isa = XCBuildConfiguration;
			buildSettings = {
				ALWAYS_SEARCH_USER_PATHS = NO;
				CLANG_ANALYZER_NONNULL = YES;
				CLANG_CXX_LANGUAGE_STANDARD = "gnu++0x";
				CLANG_CXX_LIBRARY = "libc++";
				CLANG_ENABLE_MODULES = YES;
				CLANG_ENABLE_OBJC_ARC = YES;
				CLANG_WARN_BOOL_CONVERSION = YES;
				CLANG_WARN_CONSTANT_CONVERSION = YES;
				CLANG_WARN_DIRECT_OBJC_ISA_USAGE = YES_ERROR;
				CLANG_WARN_EMPTY_BODY = YES;
				CLANG_WARN_ENUM_CONVERSION = YES;
				CLANG_WARN_INT_CONVERSION = YES;
				CLANG_WARN_OBJC_ROOT_CLASS = YES_ERROR;
				CLANG_WARN_UNREACHABLE_CODE = YES;
				CLANG_WARN__DUPLICATE_METHOD_MATCH = YES;
				"CODE_SIGN_IDENTITY[sdk=iphoneos*]" = "iPhone Developer";
				COPY_PHASE_STRIP = NO;
				DEBUG_INFORMATION_FORMAT = dwarf;
				ENABLE_STRICT_OBJC_MSGSEND = YES;
				ENABLE_TESTABILITY = YES;
				GCC_C_LANGUAGE_STANDARD = gnu99;
				GCC_DYNAMIC_NO_PIC = NO;
				GCC_NO_COMMON_BLOCKS = YES;
				GCC_OPTIMIZATION_LEVEL = 0;
				GCC_PREPROCESSOR_DEFINITIONS = (
					"DEBUG=1",
					"$(inherited)",
				);
				GCC_WARN_64_TO_32_BIT_CONVERSION = YES;
				GCC_WARN_ABOUT_RETURN_TYPE = YES_ERROR;
				GCC_WARN_UNDECLARED_SELECTOR = YES;
				GCC_WARN_UNINITIALIZED_AUTOS = YES_AGGRESSIVE;
				GCC_WARN_UNUSED_FUNCTION = YES;
				GCC_WARN_UNUSED_VARIABLE = YES;
				IPHONEOS_DEPLOYMENT_TARGET = 9.3;
				MTL_ENABLE_DEBUG_INFO = YES;
				ONLY_ACTIVE_ARCH = YES;
				SDKROOT = iphoneos;
				SWIFT_OPTIMIZATION_LEVEL = "-Onone";
				TARGETED_DEVICE_FAMILY = "1,2";
			};
			name = Debug;
		};
		78450CC31D537A9500F79346 /* Release */ = {
			isa = XCBuildConfiguration;
			buildSettings = {
				ALWAYS_SEARCH_USER_PATHS = NO;
				CLANG_ANALYZER_NONNULL = YES;
				CLANG_CXX_LANGUAGE_STANDARD = "gnu++0x";
				CLANG_CXX_LIBRARY = "libc++";
				CLANG_ENABLE_MODULES = YES;
				CLANG_ENABLE_OBJC_ARC = YES;
				CLANG_WARN_BOOL_CONVERSION = YES;
				CLANG_WARN_CONSTANT_CONVERSION = YES;
				CLANG_WARN_DIRECT_OBJC_ISA_USAGE = YES_ERROR;
				CLANG_WARN_EMPTY_BODY = YES;
				CLANG_WARN_ENUM_CONVERSION = YES;
				CLANG_WARN_INT_CONVERSION = YES;
				CLANG_WARN_OBJC_ROOT_CLASS = YES_ERROR;
				CLANG_WARN_UNREACHABLE_CODE = YES;
				CLANG_WARN__DUPLICATE_METHOD_MATCH = YES;
				"CODE_SIGN_IDENTITY[sdk=iphoneos*]" = "iPhone Developer";
				COPY_PHASE_STRIP = NO;
				DEBUG_INFORMATION_FORMAT = "dwarf-with-dsym";
				ENABLE_NS_ASSERTIONS = NO;
				ENABLE_STRICT_OBJC_MSGSEND = YES;
				GCC_C_LANGUAGE_STANDARD = gnu99;
				GCC_NO_COMMON_BLOCKS = YES;
				GCC_WARN_64_TO_32_BIT_CONVERSION = YES;
				GCC_WARN_ABOUT_RETURN_TYPE = YES_ERROR;
				GCC_WARN_UNDECLARED_SELECTOR = YES;
				GCC_WARN_UNINITIALIZED_AUTOS = YES_AGGRESSIVE;
				GCC_WARN_UNUSED_FUNCTION = YES;
				GCC_WARN_UNUSED_VARIABLE = YES;
				IPHONEOS_DEPLOYMENT_TARGET = 9.3;
				MTL_ENABLE_DEBUG_INFO = NO;
				SDKROOT = iphoneos;
				TARGETED_DEVICE_FAMILY = "1,2";
				VALIDATE_PRODUCT = YES;
			};
			name = Release;
		};
		78450CC51D537A9500F79346 /* Debug */ = {
			isa = XCBuildConfiguration;
			buildSettings = {
				ASSETCATALOG_COMPILER_APPICON_NAME = AppIcon;
				ENABLE_BITCODE = NO;
				FRAMEWORK_SEARCH_PATHS = (
					"$(inherited)",
					"$(PROJECT_DIR)/Frameworks",
				);
				INFOPLIST_FILE = BitcodeApplication/Info.plist;
				LD_RUNPATH_SEARCH_PATHS = "$(inherited) @executable_path/Frameworks";
				PRODUCT_BUNDLE_IDENTIFIER = com.pogamadores.BitcodeApplication;
				PRODUCT_NAME = "$(TARGET_NAME)";
			};
			name = Debug;
		};
		78450CC61D537A9500F79346 /* Release */ = {
			isa = XCBuildConfiguration;
			buildSettings = {
				ASSETCATALOG_COMPILER_APPICON_NAME = AppIcon;
				ENABLE_BITCODE = NO;
				FRAMEWORK_SEARCH_PATHS = (
					"$(inherited)",
					"$(PROJECT_DIR)/Frameworks",
				);
				INFOPLIST_FILE = BitcodeApplication/Info.plist;
				LD_RUNPATH_SEARCH_PATHS = "$(inherited) @executable_path/Frameworks";
				PRODUCT_BUNDLE_IDENTIFIER = com.pogamadores.BitcodeApplication;
				PRODUCT_NAME = "$(TARGET_NAME)";
			};
			name = Release;
		};
/* End XCBuildConfiguration section */

/* Begin XCConfigurationList section */
		78450CAD1D537A9500F79346 /* Build configuration list for PBXProject "BitcodeApplication" */ = {
			isa = XCConfigurationList;
			buildConfigurations = (
				78450CC21D537A9500F79346 /* Debug */,
				78450CC31D537A9500F79346 /* Release */,
			);
			defaultConfigurationIsVisible = 0;
			defaultConfigurationName = Release;
		};
		78450CC41D537A9500F79346 /* Build configuration list for PBXNativeTarget "BitcodeApplication" */ = {
			isa = XCConfigurationList;
			buildConfigurations = (
				78450CC51D537A9500F79346 /* Debug */,
				78450CC61D537A9500F79346 /* Release */,
			);
			defaultConfigurationIsVisible = 0;
			defaultConfigurationName = Release;
		};
/* End XCConfigurationList section */
	};
	rootObject = 78450CAA1D537A9500F79346 /* Project object */;
}
